github.com/SermoDigital/helpers v0.0.0-20170320233626-8de2321850d4 h1:OpbP8L+4lEWTkcjZDRasEOF7KA9yzjvkISeDz+M1JCI=
github.com/SermoDigital/helpers v0.0.0-20170320233626-8de2321850d4/go.mod h1:j8FxiosMdhJpDCvfE1Z67AgWg9jc4FR1184ldQ+Us9E=
github.com/dgryski/go-pcgr v0.0.0-20211101192959-4b34ab9ccb8c h1:f26exq4Heidug80gN340GXU86doiFKGUYFluBO+mbDk=
github.com/dgryski/go-pcgr v0.0.0-20211101192959-4b34ab9ccb8c/go.mod h1:ztV/u9hqJRBCT0P03v0Ueol7unBefCKL+paOoIZkR88=
github.com/dgryski/go-xoroshiro v0.0.0-20210625010205-26d2b3edde97 h1:GXxCk9Tc+w59UHVavFBKti6KopveHUialfO3qZ3sQz4=
github.com/dgryski/go-xoroshiro v0.0.0-20210625010205-26d2b3edde97/go.mod h1:1nArOX1ahGQWpRvbQiQDpMTp8cw1PyK+PyjUCbX3re4=
github.com/dustin/go-humanize v1.0.1 h1:GzkhY7T5VNhEkwH0PVJgjz+fX1rhBrR7pRT3mDkpeCY=
github.com/dustin/go-humanize v1.0.1/go.mod h1:Mu1zIs6XwVuF/gI1OepvI0qD18qycQx+mFykh5fBlto=
github.com/enki/fastprng v0.0.0-20190912035746-b46f877a1a50 h1:rEb10MoloN0R4OXOGCLoAKhWnnuE/WK6loew/rWT0AY=
github.com/enki/fastprng v0.0.0-20190912035746-b46f877a1a50/go.mod h1:fmNBkPdX9WKwCxNL5AdR7/d4eLG+ccEHOmYrgIoBq0c=
github.com/google/flatbuffers v23.5.26+incompatible h1:M9dgRyhJemaM4Sw8+66GHBu8ioaQmyPLg1b8VwK5WJg=
github.com/google/flatbuffers v23.5.26+incompatible/go.mod h1:1AeVuKshWv4vARoZatz6mlQ0JxURH0Kv5+zNeJKJCa8=
github.com/lazybeaver/xorshift v0.0.0-20170702203709-ce511d4823dd h1:TfmftEfB1zJiDTFi3Qw1xlbEbfJPKUhEDC19clfBMb8=
github.com/lazybeaver/xorshift v0.0.0-20170702203709-ce511d4823dd/go.mod h1:qXyNSomGEqu0M7ewNl3CLgle09PFHk8++5NrBWCz7+Q=
github.com/mohae/benchutil v0.0.0-20170714194401-3392ed7c9b5a h1:j365GjsUimxszHkiWScr380WqVRXZdkFUrk9gBCTqZY=
github.com/mohae/benchutil v0.0.0-20170714194401-3392ed7c9b5a/go.mod h1:lC9BpCSbdOujTBQpjl195j7YvMajs+1j4Xe8osV3FDE=
github.com/mohae/csv2md v0.0.0-20160526184001-56415a97bb30 h1:zoyRO6ot4eKIe3O8RzU8D2Cx3Yo379hX+s8Ol2rK+WA=
github.com/mohae/csv2md v0.0.0-20160526184001-56415a97bb30/go.mod h1:h6UpzRfovJR2UygI9pxXeELeAqezlJjwO972dvUnqz0=
github.com/mohae/joefriday v0.0.0-20170926205446-2d83fc975dd8 h1:MILeGfbowe+I3J2JBrj00dKIJted75Cr+hkPXwuajVY=
github.com/mohae/joefriday v0.0.0-20170926205446-2d83fc975dd8/go.mod h1:l4omcEDS/+nariqcTsg5f9ye48TWTCumMvdBLrzuHCk=
github.com/mohae/randchars v0.0.0-20170727203217-89ffe2e7dfda h1:XfGM7GvMmUGlY3+PdaIZ2KCqE92keIVvWJVPCdGerMY=
github.com/mohae/randchars v0.0.0-20170727203217-89ffe2e7dfda/go.mod h1:TGdyxegKRezLvxaMVHMl6+bZty4XEW3nEahSQ212qI0=
